# THIS IS AN AUTOGENERATED FILE. DO NOT EDIT THIS FILE DIRECTLY.
# yarn lockfile v1


"@improbable-eng/grpc-web-node-http-transport@0.12.0":
  version "0.12.0"
  resolved "https://registry.yarnpkg.com/@improbable-eng/grpc-web-node-http-transport/-/grpc-web-node-http-transport-0.12.0.tgz#827138160d2f945620e103473042025529c00c8e"
  integrity sha512-+Kjz+Dktfz5LKTZA9ZW/Vlww6HF9KaKz4x2mVe1O8CJdOP2WfzC+KY8L6EWMqVLrV4MvdBuQdSgDmvSJz+OGuA==

"@improbable-eng/grpc-web@0.12.0", "@improbable-eng/grpc-web@^0.12.0":
  version "0.12.0"
  resolved "https://registry.yarnpkg.com/@improbable-eng/grpc-web/-/grpc-web-0.12.0.tgz#9b10a7edf2a1d7672f8997e34a60e7b70e49738f"
  integrity sha512-uJjgMPngreRTYPBuo6gswMj1gK39Wbqre/RgE0XnSDXJRg6ST7ZhuS53dFE6Vc2CX4jxgl+cO+0B3op8LA4Q0Q==
  dependencies:
    browser-headers "^0.4.0"

"@onflow/config@0.0.2", "@onflow/config@^0.0.2":
  version "0.0.2"
  resolved "https://registry.yarnpkg.com/@onflow/config/-/config-0.0.2.tgz#caed7df27e9258ce2d4eae43f5e6f22caa119547"
  integrity sha512-H/+yrAalzEnMWkubiWsDdWytKSzd+OfRCddTlaRUelxfXhcfw2QWegH9N8EzeKfKXcQ6PLzvu9vQwhFxCZTE8Q==
  dependencies:
    "@onflow/util-actor" "0.0.2"

"@onflow/decode@0.0.6":
  version "0.0.6"
  resolved "https://registry.yarnpkg.com/@onflow/decode/-/decode-0.0.6.tgz#0a06b5d41ed736d8818d8cf6d955531f7c294349"
  integrity sha512-xQypEDR53Qn4NDWN1cX1fZ5bfQAR37QEc9Mo4xqzL3M13/Py/C3V/E+d77rw1K+ZW/lFYKyffXJKWAGq2qDxWw==

"@onflow/encode@0.0.4":
  version "0.0.4"
  resolved "https://registry.yarnpkg.com/@onflow/encode/-/encode-0.0.4.tgz#687a76306d292b475efc6321139ab36722a2ea58"
  integrity sha512-SGWD7bK8XpGloQ3j5OEJARO4za0L0Ll24N2RyKfVeaYbNNHPo8W37bK5WZTR9xP2tREKWEt2nulONcyZrFzK/g==
  dependencies:
    rlp "^2.2.4"

"@onflow/fcl-config@^0.0.1":
  version "0.0.1"
  resolved "https://registry.yarnpkg.com/@onflow/fcl-config/-/fcl-config-0.0.1.tgz#e983f6bdad96a09753ca2000633d7bfed7587527"
  integrity sha512-umvYsAwejX2yGJ5OFxM1dEaKmFEXf+34f4rJfVkfEYztgJqLkUbBkEB8HQsI8M78QUpWkWuNArqwbFvFerBbHA==

"@onflow/fcl@^0.0.51":
  version "0.0.51"
  resolved "https://registry.yarnpkg.com/@onflow/fcl/-/fcl-0.0.51.tgz#64e3c748fe519679ae7664aa20ed314fdf4d03b1"
  integrity sha512-dDpB8JCuPy2oo2bbkLLXz8n3UlaOnvddpE96WpitvLX90QP6zwiuTDFD0C9hWLFi7V/jqSiLlJWm6LWH9VThqw==
  dependencies:
    "@onflow/config" "0.0.2"
    "@onflow/sdk" "0.0.30"
    "@onflow/types" "0.0.2"
    "@onflow/util-actor" "0.0.2"
    queue-microtask "1.1.2"

"@onflow/interaction@0.0.7":
  version "0.0.7"
  resolved "https://registry.yarnpkg.com/@onflow/interaction/-/interaction-0.0.7.tgz#6870e7cdfe825876038b266a8f90324ebf01cf71"
  integrity sha512-HiTVya8ESHB/M5AV2mNIgI6lXYQ0H/xz5EEji2HKBbs/GX7OqWyQbcnH+Mxepvddyz0g/VnWqrb97oet0yQZuQ==

"@onflow/interaction@0.0.8":
  version "0.0.8"
  resolved "https://registry.yarnpkg.com/@onflow/interaction/-/interaction-0.0.8.tgz#da8a6d6a771eef1b4660d92102cbeef85efc0d2c"
  integrity sha512-7c4/Gn0WqBZDTETuUbMh4HTlUcg2yGwPRSJ0XuFtQMmjBLgsIRWKF/LLirnJTuKJeGBCiBVeZB6wpLDQ/QjJmA==

"@onflow/protobuf@0.1.6":
  version "0.1.6"
  resolved "https://registry.yarnpkg.com/@onflow/protobuf/-/protobuf-0.1.6.tgz#40b3fea8a8c41318085a8f6c018e1d185734aa75"
  integrity sha512-VpPffJqrpTKQVMxB527Ehix3YBnId36Iu8AQdO7aFA3HOhLWIPr6iNTlHhUEtlnQv2vbKnrcJqTX8y6tY1HgMA==
  dependencies:
    "@improbable-eng/grpc-web" "^0.12.0"
    google-protobuf "^3.11.4"

"@onflow/response@0.0.2":
  version "0.0.2"
  resolved "https://registry.yarnpkg.com/@onflow/response/-/response-0.0.2.tgz#8cf2aa501a623d4dea9a924b574c8800c854b942"
  integrity sha512-k5UD4nv9F6YAkDn0Gs0F6R2Izr6jekX9sGu6aPbTQCsfyv8kbG8GRhnfcugtwbGfEKmYO4Dj91QtWy246V9sUQ==

"@onflow/sdk@0.0.30", "@onflow/sdk@^0.0.30":
  version "0.0.30"
  resolved "https://registry.yarnpkg.com/@onflow/sdk/-/sdk-0.0.30.tgz#ff92e7835b62107a6abd031ed4de1ae1d38a6145"
  integrity sha512-FFp3E8H6JiUJXnDLuC5Y2tNlgsv2VNpj7JQPSKfqjC1Xul/GMMr13DDo0wmrkd1t/0WtKGGaMnCmIYUTJVpSMQ==
  dependencies:
    "@onflow/decode" "0.0.6"
    "@onflow/encode" "0.0.4"
    "@onflow/interaction" "0.0.8"
    "@onflow/send" "0.0.17"
    "@qvvg/templar" "0.0.1"

"@onflow/send@0.0.17":
  version "0.0.17"
  resolved "https://registry.yarnpkg.com/@onflow/send/-/send-0.0.17.tgz#b1a35928dbcd39a82695b00bbdd4e1bb4aeb79ea"
  integrity sha512-Q9MuiR5UdZp5PeKp4AcLRi6VJD/yY5L4BvJhRMYy/EtuxglrK68M3wsH7YHiWdYZO5Yz9qRISuh78Xa8ClS9xA==
  dependencies:
    "@improbable-eng/grpc-web" "0.12.0"
    "@improbable-eng/grpc-web-node-http-transport" "0.12.0"
    "@onflow/interaction" "0.0.7"
    "@onflow/protobuf" "0.1.6"
    "@onflow/response" "0.0.2"

"@onflow/types@0.0.2":
  version "0.0.2"
  resolved "https://registry.yarnpkg.com/@onflow/types/-/types-0.0.2.tgz#ed2bb8c34d2608d3503defcb19c4c1f5b25f5d96"
  integrity sha512-pGBuq7/slH2Xq5drKxFjbppeq0Kq6WLuyOV8lMYb57DPZSfbKnEOBubuq3y1N4kTpqHr+6g/VMqg3O/T20QZxg==

"@onflow/types@^0.0.3":
  version "0.0.3"
  resolved "https://registry.yarnpkg.com/@onflow/types/-/types-0.0.3.tgz#ba72bf581e6d286262e3f5a604024df6125b896e"
  integrity sha512-GlCaQVgYXn/UCPf2mi3fDZXGVRR239NCjY33FqVUt8W5osp+KzcxKMb5XwsvpXWMg+qOZ7ellbyMrjcNmv9loA==

"@onflow/util-actor@0.0.2":
  version "0.0.2"
  resolved "https://registry.yarnpkg.com/@onflow/util-actor/-/util-actor-0.0.2.tgz#51de2742d36a409931ff88183eeadf277e26f717"
  integrity sha512-NV3zPXQue3FqVgcIIMo6ifJOiP3hVSQTaR4ZrWLFU5iAZ/L73cTtBMbCB4BUFOe20ALtF2c9PFmpNVowCYV+nw==
  dependencies:
    queue-microtask "1.1.2"

"@qvvg/templar@0.0.1":
  version "0.0.1"
  resolved "https://registry.yarnpkg.com/@qvvg/templar/-/templar-0.0.1.tgz#dde30e82931f455eef6a5abe254a43d5519d21ac"
  integrity sha512-BKrwiOQqIEKx1GwxZhCROo4M5Etn4wAvR++op4QzGobLK9i8hXzUL653vfM4mNAdxjbTUABHdBRuVX81qSjFcw==

base64-js@^1.0.2:
  version "1.3.1"
  resolved "https://registry.yarnpkg.com/base64-js/-/base64-js-1.3.1.tgz#58ece8cb75dd07e71ed08c736abc5fac4dbf8df1"
  integrity sha512-mLQ4i2QO1ytvGWFWmcngKO//JXAQueZvwEKtjgQFM4jIK0kU+ytMfplL8j+n5mspOfjHwoAg+9yhb7BwAHm36g==

bn.js@^4.11.1, bn.js@^4.4.0:
  version "4.11.9"
  resolved "https://registry.yarnpkg.com/bn.js/-/bn.js-4.11.9.tgz#26d556829458f9d1e81fc48952493d0ba3507828"
  integrity sha512-E6QoYqCKZfgatHTdHzs1RRKP7ip4vvm+EyRUeE2RF0NblwVvb0p6jSVeNTOFxPn26QXN2o6SMfNxKp6kU8zQaw==

brorand@^1.0.1:
  version "1.1.0"
  resolved "https://registry.yarnpkg.com/brorand/-/brorand-1.1.0.tgz#12c25efe40a45e3c323eb8675a0a0ce57b22371f"
  integrity sha1-EsJe/kCkXjwyPrhnWgoM5XsiNx8=

browser-headers@^0.4.0:
  version "0.4.1"
  resolved "https://registry.yarnpkg.com/browser-headers/-/browser-headers-0.4.1.tgz#4308a7ad3b240f4203dbb45acedb38dc2d65dd02"
  integrity sha512-CA9hsySZVo9371qEHjHZtYxV2cFtVj5Wj/ZHi8ooEsrtm4vOnl9Y9HmyYWk9q+05d7K3rdoAE0j3MVEFVvtQtg==

buffer@5.6.0:
  version "5.6.0"
  resolved "https://registry.yarnpkg.com/buffer/-/buffer-5.6.0.tgz#a31749dc7d81d84db08abf937b6b8c4033f62786"
  integrity sha512-/gDYp/UtU0eA1ys8bOs9J6a+E/KWIY+DZ+Q2WESNUA0jFRsJOc0SNUO6xJ5SGA1xueg3NL65W6s+NY5l9cunuw==
  dependencies:
    base64-js "^1.0.2"
    ieee754 "^1.1.4"

elliptic@^6.5.3:
  version "6.5.3"
  resolved "https://registry.yarnpkg.com/elliptic/-/elliptic-6.5.3.tgz#cb59eb2efdaf73a0bd78ccd7015a62ad6e0f93d6"
  integrity sha512-IMqzv5wNQf+E6aHeIqATs0tOLeOTwj1QKbRcS3jBbYkl5oLAserA8yJTT7/VyHUYG91PRmPyeQDObKLPpeS4dw==
  dependencies:
    bn.js "^4.4.0"
    brorand "^1.0.1"
    hash.js "^1.0.0"
    hmac-drbg "^1.0.0"
    inherits "^2.0.1"
    minimalistic-assert "^1.0.0"
    minimalistic-crypto-utils "^1.0.0"

esm@^3.2.25:
  version "3.2.25"
  resolved "https://registry.yarnpkg.com/esm/-/esm-3.2.25.tgz#342c18c29d56157688ba5ce31f8431fbb795cc10"
  integrity sha512-U1suiZ2oDVWv4zPO56S0NcR5QriEahGtdN2OR6FiOG4WJvcjBVFB0qI4+eKoWFH483PKGuLuu6V8Z4T5g63UVA==

google-protobuf@^3.11.4:
  version "3.13.0"
  resolved "https://registry.yarnpkg.com/google-protobuf/-/google-protobuf-3.13.0.tgz#909c5983d75dd6101ed57c79e0528d000cdc3251"
  integrity sha512-ZIf3qfLFayVrPvAjeKKxO5FRF1/NwRxt6Dko+fWEMuHwHbZx8/fcaAao9b0wCM6kr8qeg2te8XTpyuvKuD9aKw==

hash.js@^1.0.0, hash.js@^1.0.3:
  version "1.1.7"
  resolved "https://registry.yarnpkg.com/hash.js/-/hash.js-1.1.7.tgz#0babca538e8d4ee4a0f8988d68866537a003cf42"
  integrity sha512-taOaskGt4z4SOANNseOviYDvjEJinIkRgmp7LbKP2YTTmVxWBl87s/uzK9r+44BclBSp2X7K1hqeNfz9JbBeXA==
  dependencies:
    inherits "^2.0.3"
    minimalistic-assert "^1.0.1"

hmac-drbg@^1.0.0:
  version "1.0.1"
  resolved "https://registry.yarnpkg.com/hmac-drbg/-/hmac-drbg-1.0.1.tgz#d2745701025a6c775a6c545793ed502fc0c649a1"
  integrity sha1-0nRXAQJabHdabFRXk+1QL8DGSaE=
  dependencies:
    hash.js "^1.0.3"
    minimalistic-assert "^1.0.0"
    minimalistic-crypto-utils "^1.0.1"

ieee754@^1.1.4:
  version "1.1.13"
  resolved "https://registry.yarnpkg.com/ieee754/-/ieee754-1.1.13.tgz#ec168558e95aa181fd87d37f55c32bbcb6708b84"
  integrity sha512-4vf7I2LYV/HaWerSo3XmlMkp5eZ83i+/CDluXi/IGTs/O1sejBNhTtnxzmRZfvOUqj7lZjqHkeTvpgSFDlWZTg==

inherits@^2.0.1, inherits@^2.0.3:
  version "2.0.4"
  resolved "https://registry.yarnpkg.com/inherits/-/inherits-2.0.4.tgz#0fa2c64f932917c3433a0ded55363aae37416b7c"
  integrity sha512-k/vGaX4/Yla3WzyMCvTQOXYeIHvqOKtnqBduzTHpzpQZzAskKMhZ2K+EnBiSM9zGSoIFeMpXKxa4dYeZIQqewQ==

minimalistic-assert@^1.0.0, minimalistic-assert@^1.0.1:
  version "1.0.1"
  resolved "https://registry.yarnpkg.com/minimalistic-assert/-/minimalistic-assert-1.0.1.tgz#2e194de044626d4a10e7f7fbc00ce73e83e4d5c7"
  integrity sha512-UtJcAD4yEaGtjPezWuO9wC4nwUnVH/8/Im3yEHQP4b67cXlD/Qr9hdITCU1xDbSEXg2XKNaP8jsReV7vQd00/A==

minimalistic-crypto-utils@^1.0.0, minimalistic-crypto-utils@^1.0.1:
  version "1.0.1"
  resolved "https://registry.yarnpkg.com/minimalistic-crypto-utils/-/minimalistic-crypto-utils-1.0.1.tgz#f6c00c1c0b082246e5c4d99dfb8c7c083b2b582a"
  integrity sha1-9sAMHAsIIkblxNmd+4x8CDsrWCo=

prettier@^2.0.5:
  version "2.1.1"
  resolved "https://registry.yarnpkg.com/prettier/-/prettier-2.1.1.tgz#d9485dd5e499daa6cb547023b87a6cf51bee37d6"
  integrity sha512-9bY+5ZWCfqj3ghYBLxApy2zf6m+NJo5GzmLTpr9FsApsfjriNnS2dahWReHMi7qNPhhHl9SYHJs2cHZLgexNIw==

queue-microtask@1.1.2:
  version "1.1.2"
  resolved "https://registry.yarnpkg.com/queue-microtask/-/queue-microtask-1.1.2.tgz#139bf8186db0c545017ec66c2664ac646d5c571e"
  integrity sha512-F9wwNePtXrzZenAB3ax0Y8TSKGvuB7Qw16J30hspEUTbfUM+H827XyN3rlpwhVmtm5wuZtbKIHjOnwDn7MUxWQ==

rlp@^2.2.4, rlp@^2.2.6:
  version "2.2.6"
  resolved "https://registry.yarnpkg.com/rlp/-/rlp-2.2.6.tgz#c80ba6266ac7a483ef1e69e8e2f056656de2fb2c"
  integrity sha512-HAfAmL6SDYNWPUOJNrM500x4Thn4PZsEy5pijPh40U9WfNk0z15hUYzO9xVIMAdIHdFtD8CBDHd75Td1g36Mjg==
  dependencies:
    bn.js "^4.11.1"

sha3@^2.1.3:
  version "2.1.3"
  resolved "https://registry.yarnpkg.com/sha3/-/sha3-2.1.3.tgz#ab05b841b2bce347765db31f57fe2a3134b9fb48"
  integrity sha512-Io53D4o9qOmf3Ow9p/DoGLQiQHhtuR0ulbyambvRSG+OX5yXExk2yYfvjHtb7AtOyk6K6+sPeK/qaowWc/E/GA==
  dependencies:
    buffer "5.6.0"
